
Microsoft Visual Studio Solution File, Format Version 12.00
# Visual Studio Version 17
VisualStudioVersion = 17.13.35828.75 d17.13
MinimumVisualStudioVersion = 10.0.40219.1
Project("{FAE04EC0-301F-11D3-BF4B-00C04F79EFBC}") = "reg", "reg\reg.csproj", "{9983BFB1-1DE3-4AE8-818D-302453869E39}"
EndProject
Global
	GlobalSection(SolutionConfigurationPlatforms) = preSolution
		Debug|Any CPU = Debug|Any CPU
		Release|Any CPU = Release|Any CPU
	EndGlobalSection
	GlobalSection(ProjectConfigurationPlatforms) = postSolution
		{9983BFB1-1DE3-4AE8-818D-302453869E39}.Debug|Any CPU.ActiveCfg = Debug|Any CPU
		{9983BFB1-1DE3-4AE8-818D-302453869E39}.Debug|Any CPU.Build.0 = Debug|Any CPU
		{9983BFB1-1DE3-4AE8-818D-302453869E39}.Release|Any CPU.ActiveCfg = Release|Any CPU
		{9983BFB1-1DE3-4AE8-818D-302453869E39}.Release|Any CPU.Build.0 = Release|Any CPU
	EndGlobalSection
	GlobalSection(SolutionProperties) = preSolution
		HideSolutionNode = FALSE
	EndGlobalSection
	GlobalSection(ExtensibilityGlobals) = postSolution
		SolutionGuid = {C00CA213-1528-4BC2-B5D7-E16F8CBB5157}
	EndGlobalSection
EndGlobal
